{
    "_meta": {
        "hash": {
            "sha256": "20cccdbadb52e6094200b7b05a7abdbd9f1e4d853823193b368a0dbcc5b137b1"
        },
        "pipfile-spec": 6,
        "requires": {},
        "sources": [
            {
                "name": "pypi",
                "url": "https://pypi.org/simple",
                "verify_ssl": true
            }
        ]
    },
    "default": {
        "beautifulsoup4": {
            "hashes": [
                "sha256:5279c36b4b2ec2cb4298d723791467e3000e5384a43ea0cdf5d45207c7e97169",
                "sha256:6135db2ba678168c07950f9a16c4031822c6f4aec75a65e0a97bc5ca09789931",
                "sha256:dcdef580e18a76d54002088602eba453eec38ebbcafafeaabd8cab12b6155d57"
            ],
            "index": "pypi",
            "version": "==4.8.1"
        },
        "cached-property": {
            "hashes": [
                "sha256:3a026f1a54135677e7da5ce819b0c690f156f37976f3e30c5430740725203d7f",
                "sha256:9217a59f14a5682da7c4b8829deadbfc194ac22e9908ccf7c8820234e80a1504"
            ],
            "index": "pypi",
            "version": "==1.5.1"
        },
        "certifi": {
            "hashes": [
                "sha256:017c25db2a153ce562900032d5bc68e9f191e44e9a0f762f373977de9df1fbb3",
                "sha256:25b64c7da4cd7479594d035c08c2d809eb4aab3a26e5a990ea98cc450c320f1f"
            ],
            "version": "==2019.11.28"
        },
        "chardet": {
            "hashes": [
                "sha256:84ab92ed1c4d4f16916e05906b6b75a6c0fb5db821cc65e70cbd64a3e2a5eaae",
                "sha256:fc323ffcaeaed0e0a02bf4d117757b98aed530d9ed4531e3e15460124c106691"
            ],
            "version": "==3.0.4"
        },
        "defusedxml": {
            "hashes": [
                "sha256:6687150770438374ab581bb7a1b327a847dd9c5749e396102de3fad4e8a3ef93",
                "sha256:f684034d135af4c6cbb949b8a4d2ed61634515257a67299e5f940fbaa34377f5"
            ],
            "index": "pypi",
            "version": "==0.6.0"
        },
        "idna": {
            "hashes": [
                "sha256:c357b3f628cf53ae2c4c05627ecc484553142ca23264e593d327bcde5e9c3407",
                "sha256:ea8b7f6188e6fa117537c3df7da9fc686d485087abf6ac197f9c46432f7e4a3c"
            ],
            "version": "==2.8"
        },
        "requests": {
            "hashes": [
                "sha256:11e007a8a2aa0323f5a921e9e6a2d7e4e67d9877e85773fba9ba6419025cbeb4",
                "sha256:9cf5292fcd0f598c671cfc1e0d7d1a7f13bb8085e9a590f48c010551dc6c4b31"
            ],
            "index": "pypi",
            "version": "==2.22.0"
        },
        "soupsieve": {
            "hashes": [
                "sha256:bdb0d917b03a1369ce964056fc195cfdff8819c40de04695a80bc813c3cfa1f5",
                "sha256:e2c1c5dee4a1c36bcb790e0fabd5492d874b8ebd4617622c4f6a731701060dda"
            ],
            "version": "==1.9.5"
        },
        "urllib3": {
            "hashes": [
                "sha256:a8a318824cc77d1fd4b2bec2ded92646630d7fe8619497b142c84a9e6f5a7293",
                "sha256:f3c5fd51747d450d4dcf6f923c81f78f811aab8205fda64b0aba34a4e48b0745"
            ],
            "version": "==1.25.7"
        }
    },
    "develop": {
        "coverage": {
            "hashes": [
                "sha256:189aac76d6e0d7af15572c51892e7326ee451c076c5a50a9d266406cd6c49708",
                "sha256:1bf7ba2af1d373a1750888724f84cffdfc697738f29a353c98195f98fc011509",
                "sha256:1f4ee8e2e4243971618bc16fcc4478317405205f135e95226c2496e2a3b8dbbf",
                "sha256:225e79a5d485bc1642cb7ba02281419c633c216cdc6b26c26494ba959f09e69f",
                "sha256:23688ff75adfa8bfa2a67254d889f9bdf9302c27241d746e17547c42c732d3f4",
                "sha256:28f7f73b34a05e23758e860a89a7f649b85c6749e252eff60ebb05532d180e86",
                "sha256:2d0cb9b1fe6ad0d915d45ad3d87f03a38e979093a98597e755930db1f897afae",
                "sha256:47874b4711c5aeb295c31b228a758ce3d096be83dc37bd56da48ed99efb8813b",
                "sha256:511ec0c00840e12fb4e852e4db58fa6a01ca4da72f36a9766fae344c3d502033",
                "sha256:53e7438fef0c97bc248f88ba1edd10268cd94d5609970aaf87abbe493691af87",
                "sha256:569f9ee3025682afda6e9b0f5bb14897c0db03f1a1dc088b083dd36e743f92bb",
                "sha256:593853aa1ac6dcc6405324d877544c596c9d948ef20d2e9512a0f5d2d3202356",
                "sha256:5b0a07158360d22492f9abd02a0f2ee7981b33f0646bf796598b7673f6bbab14",
                "sha256:7ca3db38a61f3655a2613ee2c190d63639215a7a736d3c64cc7bbdb002ce6310",
                "sha256:7d1cc7acc9ce55179616cf72154f9e648136ea55987edf84addbcd9886ffeba2",
                "sha256:88b51153657612aea68fa684a5b88037597925260392b7bb4509d4f9b0bdd889",
                "sha256:955ec084f549128fa2702f0b2dc696392001d986b71acd8fd47424f28289a9c3",
                "sha256:b251c7092cbb6d789d62dc9c9e7c4fb448c9138b51285c36aeb72462cad3600e",
                "sha256:bd82b684bb498c60ef47bb1541a50e6d006dde8579934dcbdbc61d67d1ea70d9",
                "sha256:bfe102659e2ec13b86c7f3b1db6c9a4e7beea4255058d006351339e6b342d5d2",
                "sha256:c1e4e39e43057396a5e9d069bfbb6ffeee892e40c5d2effbd8cd71f34ee66c4d",
                "sha256:cb2b74c123f65e8166f7e1265829a6c8ed755c3cd16d7f50e75a83456a5f3fd7",
                "sha256:cca38ded59105f7705ef6ffe1e960b8db6c7d8279c1e71654a4775ab4454ca15",
                "sha256:cf908840896f7aa62d0ec693beb53264b154f972eb8226fb864ac38975590c4f",
                "sha256:d095a7b473f8a95f7efe821f92058c8a2ecfb18f8db6677ae3819e15dc11aaae",
                "sha256:d22b4297e7e4225ccf01f1aa55e7a96412ea0796b532dd614c3fcbafa341128e",
                "sha256:d4a2b578a7a70e0c71f662705262f87a456f1e6c1e40ada7ea699abaf070a76d",
                "sha256:ddeb42a3d5419434742bf4cc71c9eaa22df3b76808e23a82bd0b0bd360f1a9f1",
                "sha256:e65a5aa1670db6263f19fdc03daee1d7dbbadb5cb67fd0a1f16033659db13c1d",
                "sha256:eaad65bd20955131bcdb3967a4dea66b4e4d4ca488efed7c00d91ee0173387e8",
                "sha256:f45fba420b94165c17896861bb0e8b27fb7abdcedfeb154895d8553df90b7b00"
            ],
            "index": "pypi",
            "version": "==5.0.2"
        },
        "entrypoints": {
            "hashes": [
                "sha256:589f874b313739ad35be6e0cd7efde2a4e9b6fea91edcc34e58ecbb8dbe56d19",
                "sha256:c70dd71abe5a8c85e55e12c19bd91ccfeec11a6e99044204511f9ed547d48451"
            ],
            "version": "==0.3"
        },
        "filelock": {
            "hashes": [
                "sha256:18d82244ee114f543149c66a6e0c14e9c4f8a1044b5cdaadd0f82159d6a6ff59",
                "sha256:929b7d63ec5b7d6b71b0fa5ac14e030b3f70b75747cef1b10da9b879fef15836"
            ],
            "version": "==3.0.12"
        },
        "flake8": {
            "hashes": [
                "sha256:45681a117ecc81e870cbf1262835ae4af5e7a8b08e40b944a8a6e6b895914cfb",
                "sha256:49356e766643ad15072a789a20915d3c91dc89fd313ccd71802303fd67e4deca"
            ],
            "index": "pypi",
            "version": "==3.7.9"
        },
        "idna": {
            "hashes": [
                "sha256:c357b3f628cf53ae2c4c05627ecc484553142ca23264e593d327bcde5e9c3407",
                "sha256:ea8b7f6188e6fa117537c3df7da9fc686d485087abf6ac197f9c46432f7e4a3c"
            ],
            "version": "==2.8"
        },
        "mccabe": {
            "hashes": [
                "sha256:ab8a6258860da4b6677da4bd2fe5dc2c659cff31b3ee4f7f5d64e79735b80d42",
                "sha256:dd8d182285a0fe56bace7f45b5e7d1a6ebcbf524e8f3bd87eb0f125271b8831f"
            ],
            "version": "==0.6.1"
        },
        "multidict": {
            "hashes": [
                "sha256:0f04bf4c15d8417401a10a650c349ccc0285943681bfd87d3690587d7714a9b4",
                "sha256:15a61c0df2d32487e06f6084eabb48fd9e8b848315e397781a70caf9670c9d78",
                "sha256:3c5e2dcbe6b04cbb4303e47a896757a77b676c5e5db5528be7ff92f97ba7ab95",
                "sha256:5d2b32b890d9e933d3ced417924261802a857abdee9507b68c75014482145c03",
                "sha256:5e5fb8bfebf87f2e210306bf9dd8de2f1af6782b8b78e814060ae9254ab1f297",
                "sha256:63ba2be08d82ea2aa8b0f7942a74af4908664d26cb4ff60c58eadb1e33e7da00",
                "sha256:73740fcdb38f0adcec85e97db7557615b50ec4e5a3e73e35878720bcee963382",
                "sha256:78bed18e7f1eb21f3d10ff3acde900b4d630098648fe1d65bb4abfb3e22c4900",
                "sha256:a02fade7b5476c4f88efe9593ff2f3286698d8c6d715ba4f426954f73f382026",
                "sha256:aacbde3a8875352a640efa2d1b96e5244a29b0f8df79cbf1ec6470e86fd84697",
                "sha256:be813fb9e5ce41a5a99a29cdb857144a1bd6670883586f995b940a4878dc5238",
                "sha256:bfcad6da0b8839f01a819602aaa5c5a5b4c85ecbfae9b261a31df3d9262fb31e",
                "sha256:c2bfc0db3166e68515bc4a2b9164f4f75ae9c793e9635f8651f2c9ffc65c8dad",
                "sha256:c66d11870ae066499a3541963e6ce18512ca827c2aaeaa2f4e37501cee39ac5d",
                "sha256:cc7f2202b753f880c2e4123f9aacfdb94560ba893e692d24af271dac41f8b8d9",
                "sha256:d1f45e5bb126662ba66ee579831ce8837b1fd978115c9657e32eb3c75b92973d",
                "sha256:ed5f3378c102257df9e2dc9ce6468dabf68bee9ec34969cfdc472631aba00316"
            ],
            "version": "==4.7.3"
        },
        "packaging": {
            "hashes": [
                "sha256:aec3fdbb8bc9e4bb65f0634b9f551ced63983a529d6a8931817d52fdd0816ddb",
                "sha256:fe1d8331dfa7cc0a883b49d75fc76380b2ab2734b220fbb87d774e4fd4b851f8"
            ],
            "version": "==20.0"
        },
        "pluggy": {
            "hashes": [
                "sha256:15b2acde666561e1298d71b523007ed7364de07029219b604cf808bfa1c765b0",
                "sha256:966c145cd83c96502c3c3868f50408687b38434af77734af1e9ca461a4081d2d"
            ],
            "version": "==0.13.1"
        },
        "py": {
            "hashes": [
                "sha256:5e27081401262157467ad6e7f851b7aa402c5852dbcb3dae06768434de5752aa",
                "sha256:c20fdd83a5dbc0af9efd622bee9a5564e278f6380fffcacc43ba6f43db2813b0"
            ],
            "version": "==1.8.1"
        },
        "pycodestyle": {
            "hashes": [
                "sha256:95a2219d12372f05704562a14ec30bc76b05a5b297b21a5dfe3f6fac3491ae56",
                "sha256:e40a936c9a450ad81df37f549d676d127b1b66000a6c500caa2b085bc0ca976c"
            ],
            "version": "==2.5.0"
        },
        "pyflakes": {
            "hashes": [
                "sha256:17dbeb2e3f4d772725c777fabc446d5634d1038f234e77343108ce445ea69ce0",
                "sha256:d976835886f8c5b31d47970ed689944a0262b5f3afa00a5a7b4dc81e5449f8a2"
            ],
            "version": "==2.1.1"
        },
        "pyparsing": {
            "hashes": [
                "sha256:4c830582a84fb022400b85429791bc551f1f4871c33f23e44f353119e92f969f",
                "sha256:c342dccb5250c08d45fd6f8b4a559613ca603b57498511740e65cd11a2e7dcec"
            ],
            "version": "==2.4.6"
        },
        "pyyaml": {
            "hashes": [
                "sha256:0e7f69397d53155e55d10ff68fdfb2cf630a35e6daf65cf0bdeaf04f127c09dc",
                "sha256:2e9f0b7c5914367b0916c3c104a024bb68f269a486b9d04a2e8ac6f6597b7803",
                "sha256:35ace9b4147848cafac3db142795ee42deebe9d0dad885ce643928e88daebdcc",
                "sha256:38a4f0d114101c58c0f3a88aeaa44d63efd588845c5a2df5290b73db8f246d15",
                "sha256:483eb6a33b671408c8529106df3707270bfacb2447bf8ad856a4b4f57f6e3075",
                "sha256:4b6be5edb9f6bb73680f5bf4ee08ff25416d1400fbd4535fe0069b2994da07cd",
                "sha256:7f38e35c00e160db592091751d385cd7b3046d6d51f578b29943225178257b31",
                "sha256:8100c896ecb361794d8bfdb9c11fce618c7cf83d624d73d5ab38aef3bc82d43f",
                "sha256:c0ee8eca2c582d29c3c2ec6e2c4f703d1b7f1fb10bc72317355a746057e7346c",
                "sha256:e4c015484ff0ff197564917b4b4246ca03f411b9bd7f16e02a2f586eb48b6d04",
                "sha256:ebc4ed52dcc93eeebeae5cf5deb2ae4347b3a81c3fa12b0b8c976544829396a4"
            ],
            "version": "==5.2"
        },
        "six": {
            "hashes": [
                "sha256:1f1b7d42e254082a9db6279deae68afb421ceba6158efa6131de7b3003ee93fd",
                "sha256:30f610279e8b2578cab6db20741130331735c781b56053c59c4076da27f06b66"
            ],
            "version": "==1.13.0"
        },
        "toml": {
            "hashes": [
                "sha256:229f81c57791a41d65e399fc06bf0848bab550a9dfd5ed66df18ce5f05e73d5c",
                "sha256:235682dd292d5899d361a811df37e04a8828a5b1da3115886b73cf81ebc9100e"
            ],
            "version": "==0.10.0"
        },
        "tox": {
            "hashes": [
                "sha256:7efd010a98339209f3a8292f02909b51c58417bfc6838ab7eca14cf90f96117a",
                "sha256:8dd653bf0c6716a435df363c853cad1f037f9d5fddd0abc90d0f48ad06f39d03"
            ],
            "index": "pypi",
            "version": "==3.14.2"
        },
        "vcrpy": {
            "hashes": [
                "sha256:21168d5ae14263a833d4b71acfd8278d8841114f24be1b4ab4a5719d0c7f07bc",
                "sha256:a2e6b653a627f9f3d6ded4d68587e470b91e4c1444e7dae939510dfeacb65276"
            ],
            "index": "pypi",
            "version": "==3.0.0"
        },
        "virtualenv": {
            "hashes": [
                "sha256:0d62c70883c0342d59c11d0ddac0d954d0431321a41ab20851facf2b222598f3",
                "sha256:55059a7a676e4e19498f1aad09b8313a38fcc0cdbe4fdddc0e9b06946d21b4bb"
            ],
            "version": "==16.7.9"
        },
        "wrapt": {
            "hashes": [
                "sha256:565a021fd19419476b9362b05eeaa094178de64f8361e44468f9e9d7843901e1"
            ],
            "version": "==1.11.2"
        },
        "yarl": {
            "hashes": [
                "sha256:0c2ab325d33f1b824734b3ef51d4d54a54e0e7a23d13b86974507602334c2cce",
                "sha256:0ca2f395591bbd85ddd50a82eb1fde9c1066fafe888c5c7cc1d810cf03fd3cc6",
                "sha256:2098a4b4b9d75ee352807a95cdf5f10180db903bc5b7270715c6bbe2551f64ce",
                "sha256:25e66e5e2007c7a39541ca13b559cd8ebc2ad8fe00ea94a2aad28a9b1e44e5ae",
                "sha256:26d7c90cb04dee1665282a5d1a998defc1a9e012fdca0f33396f81508f49696d",
                "sha256:308b98b0c8cd1dfef1a0311dc5e38ae8f9b58349226aa0533f15a16717ad702f",
                "sha256:3ce3d4f7c6b69c4e4f0704b32eca8123b9c58ae91af740481aa57d7857b5e41b",
                "sha256:58cd9c469eced558cd81aa3f484b2924e8897049e06889e8ff2510435b7ef74b",
                "sha256:5b10eb0e7f044cf0b035112446b26a3a2946bca9d7d7edb5e54a2ad2f6652abb",
                "sha256:6faa19d3824c21bcbfdfce5171e193c8b4ddafdf0ac3f129ccf0cdfcb083e462",
                "sha256:944494be42fa630134bf907714d40207e646fd5a94423c90d5b514f7b0713fea",
                "sha256:a161de7e50224e8e3de6e184707476b5a989037dcb24292b391a3d66ff158e70",
                "sha256:a4844ebb2be14768f7994f2017f70aca39d658a96c786211be5ddbe1c68794c1",
                "sha256:c2b509ac3d4b988ae8769901c66345425e361d518aecbe4acbfc2567e416626a",
                "sha256:c9959d49a77b0e07559e579f38b2f3711c2b8716b8410b320bf9713013215a1b",
                "sha256:d8cdee92bc930d8b09d8bd2043cedd544d9c8bd7436a77678dd602467a993080",
                "sha256:e15199cdb423316e15f108f51249e44eb156ae5dba232cb73be555324a1d49c2"
            ],
            "markers": "python_version >= '3.6'",
            "version": "==1.4.2"
        }
    }
}
